// !$*UTF8*$!
{
	archiveVersion = 1;
	classes = {
	};
	objectVersion = 46;
	objects = {

/* Begin PBXBuildFile section */
		574627821AA14C32007D5BD9 /* main.m in Sources */ = {isa = PBXBuildFile; fileRef = 574627811AA14C32007D5BD9 /* main.m */; };
		574627851AA14C32007D5BD9 /* AppDelegate.m in Sources */ = {isa = PBXBuildFile; fileRef = 574627841AA14C32007D5BD9 /* AppDelegate.m */; };
		5746278D1AA14C32007D5BD9 /* Images.xcassets in Resources */ = {isa = PBXBuildFile; fileRef = 5746278C1AA14C32007D5BD9 /* Images.xcassets */; };
		5746279C1AA14C32007D5BD9 /* MJRefreshTestTests.m in Sources */ = {isa = PBXBuildFile; fileRef = 5746279B1AA14C32007D5BD9 /* MJRefreshTestTests.m */; };
		574627B71AA14D81007D5BD9 /* MJRefresh.bundle in Resources */ = {isa = PBXBuildFile; fileRef = 574627A71AA14D81007D5BD9 /* MJRefresh.bundle */; };
		574627B81AA14D81007D5BD9 /* MJRefreshBaseView.m in Sources */ = {isa = PBXBuildFile; fileRef = 574627AA1AA14D81007D5BD9 /* MJRefreshBaseView.m */; };
		574627B91AA14D81007D5BD9 /* MJRefreshConst.m in Sources */ = {isa = PBXBuildFile; fileRef = 574627AC1AA14D81007D5BD9 /* MJRefreshConst.m */; };
		574627BA1AA14D81007D5BD9 /* MJRefreshFooterView.m in Sources */ = {isa = PBXBuildFile; fileRef = 574627AE1AA14D81007D5BD9 /* MJRefreshFooterView.m */; };
		574627BB1AA14D81007D5BD9 /* MJRefreshHeaderView.m in Sources */ = {isa = PBXBuildFile; fileRef = 574627B01AA14D81007D5BD9 /* MJRefreshHeaderView.m */; };
		574627BC1AA14D81007D5BD9 /* UIScrollView+MJExtension.m in Sources */ = {isa = PBXBuildFile; fileRef = 574627B21AA14D81007D5BD9 /* UIScrollView+MJExtension.m */; };
		574627BD1AA14D81007D5BD9 /* UIScrollView+MJRefresh.m in Sources */ = {isa = PBXBuildFile; fileRef = 574627B41AA14D81007D5BD9 /* UIScrollView+MJRefresh.m */; };
		574627BE1AA14D81007D5BD9 /* UIView+MJExtension.m in Sources */ = {isa = PBXBuildFile; fileRef = 574627B61AA14D81007D5BD9 /* UIView+MJExtension.m */; };
		574627C11AA14E5E007D5BD9 /* TableViewController.m in Sources */ = {isa = PBXBuildFile; fileRef = 574627C01AA14E5E007D5BD9 /* TableViewController.m */; };
/* End PBXBuildFile section */

/* Begin PBXContainerItemProxy section */
		574627961AA14C32007D5BD9 /* PBXContainerItemProxy */ = {
			isa = PBXContainerItemProxy;
			containerPortal = 574627741AA14C32007D5BD9 /* Project object */;
			proxyType = 1;
			remoteGlobalIDString = 5746277B1AA14C32007D5BD9;
			remoteInfo = MJRefreshTest;
		};
/* End PBXContainerItemProxy section */

/* Begin PBXFileReference section */
		5746277C1AA14C32007D5BD9 /* MJRefreshTest.app */ = {isa = PBXFileReference; explicitFileType = wrapper.application; includeInIndex = 0; path = MJRefreshTest.app; sourceTree = BUILT_PRODUCTS_DIR; };
		574627801AA14C32007D5BD9 /* Info.plist */ = {isa = PBXFileReference; lastKnownFileType = text.plist.xml; path = Info.plist; sourceTree = "<group>"; };
		574627811AA14C32007D5BD9 /* main.m */ = {isa = PBXFileReference; lastKnownFileType = sourcecode.c.objc; path = main.m; sourceTree = "<group>"; };
		574627831AA14C32007D5BD9 /* AppDelegate.h */ = {isa = PBXFileReference; lastKnownFileType = sourcecode.c.h; path = AppDelegate.h; sourceTree = "<group>"; };
		574627841AA14C32007D5BD9 /* AppDelegate.m */ = {isa = PBXFileReference; lastKnownFileType = sourcecode.c.objc; path = AppDelegate.m; sourceTree = "<group>"; };
		5746278C1AA14C32007D5BD9 /* Images.xcassets */ = {isa = PBXFileReference; lastKnownFileType = folder.assetcatalog; path = Images.xcassets; sourceTree = "<group>"; };
		574627951AA14C32007D5BD9 /* MJRefreshTestTests.xctest */ = {isa = PBXFileReference; explicitFileType = wrapper.cfbundle; includeInIndex = 0; path = MJRefreshTestTests.xctest; sourceTree = BUILT_PRODUCTS_DIR; };
		5746279A1AA14C32007D5BD9 /* Info.plist */ = {isa = PBXFileReference; lastKnownFileType = text.plist.xml; path = Info.plist; sourceTree = "<group>"; };
		5746279B1AA14C32007D5BD9 /* MJRefreshTestTests.m */ = {isa = PBXFileReference; lastKnownFileType = sourcecode.c.objc; path = MJRefreshTestTests.m; sourceTree = "<group>"; };
		574627A51AA14C6B007D5BD9 /* PrefixHeader.pch */ = {isa = PBXFileReference; lastKnownFileType = sourcecode.c.h; path = PrefixHeader.pch; sourceTree = "<group>"; };
		574627A71AA14D81007D5BD9 /* MJRefresh.bundle */ = {isa = PBXFileReference; lastKnownFileType = "wrapper.plug-in"; path = MJRefresh.bundle; sourceTree = "<group>"; };
		574627A81AA14D81007D5BD9 /* MJRefresh.h */ = {isa = PBXFileReference; fileEncoding = 4; lastKnownFileType = sourcecode.c.h; path = MJRefresh.h; sourceTree = "<group>"; };
		574627A91AA14D81007D5BD9 /* MJRefreshBaseView.h */ = {isa = PBXFileReference; fileEncoding = 4; lastKnownFileType = sourcecode.c.h; path = MJRefreshBaseView.h; sourceTree = "<group>"; };
		574627AA1AA14D81007D5BD9 /* MJRefreshBaseView.m */ = {isa = PBXFileReference; fileEncoding = 4; lastKnownFileType = sourcecode.c.objc; path = MJRefreshBaseView.m; sourceTree = "<group>"; };
		574627AB1AA14D81007D5BD9 /* MJRefreshConst.h */ = {isa = PBXFileReference; fileEncoding = 4; lastKnownFileType = sourcecode.c.h; path = MJRefreshConst.h; sourceTree = "<group>"; };
		574627AC1AA14D81007D5BD9 /* MJRefreshConst.m */ = {isa = PBXFileReference; fileEncoding = 4; lastKnownFileType = sourcecode.c.objc; path = MJRefreshConst.m; sourceTree = "<group>"; };
		574627AD1AA14D81007D5BD9 /* MJRefreshFooterView.h */ = {isa = PBXFileReference; fileEncoding = 4; lastKnownFileType = sourcecode.c.h; path = MJRefreshFooterView.h; sourceTree = "<group>"; };
		574627AE1AA14D81007D5BD9 /* MJRefreshFooterView.m */ = {isa = PBXFileReference; fileEncoding = 4; lastKnownFileType = sourcecode.c.objc; path = MJRefreshFooterView.m; sourceTree = "<group>"; };
		574627AF1AA14D81007D5BD9 /* MJRefreshHeaderView.h */ = {isa = PBXFileReference; fileEncoding = 4; lastKnownFileType = sourcecode.c.h; path = MJRefreshHeaderView.h; sourceTree = "<group>"; };
		574627B01AA14D81007D5BD9 /* MJRefreshHeaderView.m */ = {isa = PBXFileReference; fileEncoding = 4; lastKnownFileType = sourcecode.c.objc; path = MJRefreshHeaderView.m; sourceTree = "<group>"; };
		574627B11AA14D81007D5BD9 /* UIScrollView+MJExtension.h */ = {isa = PBXFileReference; fileEncoding = 4; lastKnownFileType = sourcecode.c.h; path = "UIScrollView+MJExtension.h"; sourceTree = "<group>"; };
		574627B21AA14D81007D5BD9 /* UIScrollView+MJExtension.m */ = {isa = PBXFileReference; fileEncoding = 4; lastKnownFileType = sourcecode.c.objc; path = "UIScrollView+MJExtension.m"; sourceTree = "<group>"; };
		574627B31AA14D81007D5BD9 /* UIScrollView+MJRefresh.h */ = {isa = PBXFileReference; fileEncoding = 4; lastKnownFileType = sourcecode.c.h; path = "UIScrollView+MJRefresh.h"; sourceTree = "<group>"; };
		574627B41AA14D81007D5BD9 /* UIScrollView+MJRefresh.m */ = {isa = PBXFileReference; fileEncoding = 4; lastKnownFileType = sourcecode.c.objc; path = "UIScrollView+MJRefresh.m"; sourceTree = "<group>"; };
		574627B51AA14D81007D5BD9 /* UIView+MJExtension.h */ = {isa = PBXFileReference; fileEncoding = 4; lastKnownFileType = sourcecode.c.h; path = "UIView+MJExtension.h"; sourceTree = "<group>"; };
		574627B61AA14D81007D5BD9 /* UIView+MJExtension.m */ = {isa = PBXFileReference; fileEncoding = 4; lastKnownFileType = sourcecode.c.objc; path = "UIView+MJExtension.m"; sourceTree = "<group>"; };
		574627BF1AA14E5E007D5BD9 /* TableViewController.h */ = {isa = PBXFileReference; fileEncoding = 4; lastKnownFileType = sourcecode.c.h; path = TableViewController.h; sourceTree = "<group>"; };
		574627C01AA14E5E007D5BD9 /* TableViewController.m */ = {isa = PBXFileReference; fileEncoding = 4; lastKnownFileType = sourcecode.c.objc; path = TableViewController.m; sourceTree = "<group>"; };
/* End PBXFileReference section */

/* Begin PBXFrameworksBuildPhase section */
		574627791AA14C32007D5BD9 /* Frameworks */ = {
			isa = PBXFrameworksBuildPhase;
			buildActionMask = 2147483647;
			files = (
			);
			runOnlyForDeploymentPostprocessing = 0;
		};
		574627921AA14C32007D5BD9 /* Frameworks */ = {
			isa = PBXFrameworksBuildPhase;
			buildActionMask = 2147483647;
			files = (
			);
			runOnlyForDeploymentPostprocessing = 0;
		};
/* End PBXFrameworksBuildPhase section */

/* Begin PBXGroup section */
		574627731AA14C32007D5BD9 = {
			isa = PBXGroup;
			children = (
				5746277E1AA14C32007D5BD9 /* MJRefreshTest */,
				574627981AA14C32007D5BD9 /* MJRefreshTestTests */,
				5746277D1AA14C32007D5BD9 /* Products */,
			);
			sourceTree = "<group>";
		};
		5746277D1AA14C32007D5BD9 /* Products */ = {
			isa = PBXGroup;
			children = (
				5746277C1AA14C32007D5BD9 /* MJRefreshTest.app */,
				574627951AA14C32007D5BD9 /* MJRefreshTestTests.xctest */,
			);
			name = Products;
			sourceTree = "<group>";
		};
		5746277E1AA14C32007D5BD9 /* MJRefreshTest */ = {
			isa = PBXGroup;
			children = (
				574627A61AA14D81007D5BD9 /* MJRefresh */,
				574627831AA14C32007D5BD9 /* AppDelegate.h */,
				574627841AA14C32007D5BD9 /* AppDelegate.m */,
				574627BF1AA14E5E007D5BD9 /* TableViewController.h */,
				574627C01AA14E5E007D5BD9 /* TableViewController.m */,
				5746278C1AA14C32007D5BD9 /* Images.xcassets */,
				5746277F1AA14C32007D5BD9 /* Supporting Files */,
			);
			path = MJRefreshTest;
			sourceTree = "<group>";
		};
		5746277F1AA14C32007D5BD9 /* Supporting Files */ = {
			isa = PBXGroup;
			children = (
				574627801AA14C32007D5BD9 /* Info.plist */,
				574627811AA14C32007D5BD9 /* main.m */,
				574627A51AA14C6B007D5BD9 /* PrefixHeader.pch */,
			);
			name = "Supporting Files";
			sourceTree = "<group>";
		};
		574627981AA14C32007D5BD9 /* MJRefreshTestTests */ = {
			isa = PBXGroup;
			children = (
				5746279B1AA14C32007D5BD9 /* MJRefreshTestTests.m */,
				574627991AA14C32007D5BD9 /* Supporting Files */,
			);
			path = MJRefreshTestTests;
			sourceTree = "<group>";
		};
		574627991AA14C32007D5BD9 /* Supporting Files */ = {
			isa = PBXGroup;
			children = (
				5746279A1AA14C32007D5BD9 /* Info.plist */,
			);
			name = "Supporting Files";
			sourceTree = "<group>";
		};
		574627A61AA14D81007D5BD9 /* MJRefresh */ = {
			isa = PBXGroup;
			children = (
				574627A71AA14D81007D5BD9 /* MJRefresh.bundle */,
				574627A81AA14D81007D5BD9 /* MJRefresh.h */,
				574627A91AA14D81007D5BD9 /* MJRefreshBaseView.h */,
				574627AA1AA14D81007D5BD9 /* MJRefreshBaseView.m */,
				574627AB1AA14D81007D5BD9 /* MJRefreshConst.h */,
				574627AC1AA14D81007D5BD9 /* MJRefreshConst.m */,
				574627AD1AA14D81007D5BD9 /* MJRefreshFooterView.h */,
				574627AE1AA14D81007D5BD9 /* MJRefreshFooterView.m */,
				574627AF1AA14D81007D5BD9 /* MJRefreshHeaderView.h */,
				574627B01AA14D81007D5BD9 /* MJRefreshHeaderView.m */,
				574627B11AA14D81007D5BD9 /* UIScrollView+MJExtension.h */,
				574627B21AA14D81007D5BD9 /* UIScrollView+MJExtension.m */,
				574627B31AA14D81007D5BD9 /* UIScrollView+MJRefresh.h */,
				574627B41AA14D81007D5BD9 /* UIScrollView+MJRefresh.m */,
				574627B51AA14D81007D5BD9 /* UIView+MJExtension.h */,
				574627B61AA14D81007D5BD9 /* UIView+MJExtension.m */,
			);
			path = MJRefresh;
			sourceTree = "<group>";
		};
/* End PBXGroup section */

/* Begin PBXNativeTarget section */
		5746277B1AA14C32007D5BD9 /* MJRefreshTest */ = {
			isa = PBXNativeTarget;
			buildConfigurationList = 5746279F1AA14C32007D5BD9 /* Build configuration list for PBXNativeTarget "MJRefreshTest" */;
			buildPhases = (
				574627781AA14C32007D5BD9 /* Sources */,
				574627791AA14C32007D5BD9 /* Frameworks */,
				5746277A1AA14C32007D5BD9 /* Resources */,
			);
			buildRules = (
			);
			dependencies = (
			);
			name = MJRefreshTest;
			productName = MJRefreshTest;
			productReference = 5746277C1AA14C32007D5BD9 /* MJRefreshTest.app */;
			productType = "com.apple.product-type.application";
		};
		574627941AA14C32007D5BD9 /* MJRefreshTestTests */ = {
			isa = PBXNativeTarget;
			buildConfigurationList = 574627A21AA14C32007D5BD9 /* Build configuration list for PBXNativeTarget "MJRefreshTestTests" */;
			buildPhases = (
				574627911AA14C32007D5BD9 /* Sources */,
				574627921AA14C32007D5BD9 /* Frameworks */,
				574627931AA14C32007D5BD9 /* Resources */,
			);
			buildRules = (
			);
			dependencies = (
				574627971AA14C32007D5BD9 /* PBXTargetDependency */,
			);
			name = MJRefreshTestTests;
			productName = MJRefreshTestTests;
			productReference = 574627951AA14C32007D5BD9 /* MJRefreshTestTests.xctest */;
			productType = "com.apple.product-type.bundle.unit-test";
		};
/* End PBXNativeTarget section */

/* Begin PBXProject section */
		574627741AA14C32007D5BD9 /* Project object */ = {
			isa = PBXProject;
			attributes = {
				LastUpgradeCheck = 0610;
				ORGANIZATIONNAME = NationSky;
				TargetAttributes = {
					5746277B1AA14C32007D5BD9 = {
						CreatedOnToolsVersion = 6.1.1;
					};
					574627941AA14C32007D5BD9 = {
						CreatedOnToolsVersion = 6.1.1;
						TestTargetID = 5746277B1AA14C32007D5BD9;
					};
				};
			};
			buildConfigurationList = 574627771AA14C32007D5BD9 /* Build configuration list for PBXProject "MJRefreshTest" */;
			compatibilityVersion = "Xcode 3.2";
			developmentRegion = English;
			hasScannedForEncodings = 0;
			knownRegions = (
				en,
				Base,
			);
			mainGroup = 574627731AA14C32007D5BD9;
			productRefGroup = 5746277D1AA14C32007D5BD9 /* Products */;
			projectDirPath = "";
			projectRoot = "";
			targets = (
				5746277B1AA14C32007D5BD9 /* MJRefreshTest */,
				574627941AA14C32007D5BD9 /* MJRefreshTestTests */,
			);
		};
/* End PBXProject section */

/* Begin PBXResourcesBuildPhase section */
		5746277A1AA14C32007D5BD9 /* Resources */ = {
			isa = PBXResourcesBuildPhase;
			buildActionMask = 2147483647;
			files = (
				574627B71AA14D81007D5BD9 /* MJRefresh.bundle in Resources */,
				5746278D1AA14C32007D5BD9 /* Images.xcassets in Resources */,
			);
			runOnlyForDeploymentPostprocessing = 0;
		};
		574627931AA14C32007D5BD9 /* Resources */ = {
			isa = PBXResourcesBuildPhase;
			buildActionMask = 2147483647;
			files = (
			);
			runOnlyForDeploymentPostprocessing = 0;
		};
/* End PBXResourcesBuildPhase section */

/* Begin PBXSourcesBuildPhase section */
		574627781AA14C32007D5BD9 /* Sources */ = {
			isa = PBXSourcesBuildPhase;
			buildActionMask = 2147483647;
			files = (
				574627BA1AA14D81007D5BD9 /* MJRefreshFooterView.m in Sources */,
				574627BE1AA14D81007D5BD9 /* UIView+MJExtension.m in Sources */,
				574627BB1AA14D81007D5BD9 /* MJRefreshHeaderView.m in Sources */,
				574627C11AA14E5E007D5BD9 /* TableViewController.m in Sources */,
				574627851AA14C32007D5BD9 /* AppDelegate.m in Sources */,
				574627BC1AA14D81007D5BD9 /* UIScrollView+MJExtension.m in Sources */,
				574627BD1AA14D81007D5BD9 /* UIScrollView+MJRefresh.m in Sources */,
				574627B81AA14D81007D5BD9 /* MJRefreshBaseView.m in Sources */,
				574627821AA14C32007D5BD9 /* main.m in Sources */,
				574627B91AA14D81007D5BD9 /* MJRefreshConst.m in Sources */,
			);
			runOnlyForDeploymentPostprocessing = 0;
		};
		574627911AA14C32007D5BD9 /* Sources */ = {
			isa = PBXSourcesBuildPhase;
			buildActionMask = 2147483647;
			files = (
				5746279C1AA14C32007D5BD9 /* MJRefreshTestTests.m in Sources */,
			);
			runOnlyForDeploymentPostprocessing = 0;
		};
/* End PBXSourcesBuildPhase section */

/* Begin PBXTargetDependency section */
		574627971AA14C32007D5BD9 /* PBXTargetDependency */ = {
			isa = PBXTargetDependency;
			target = 5746277B1AA14C32007D5BD9 /* MJRefreshTest */;
			targetProxy = 574627961AA14C32007D5BD9 /* PBXContainerItemProxy */;
		};
/* End PBXTargetDependency section */

/* Begin XCBuildConfiguration section */
		5746279D1AA14C32007D5BD9 /* Debug */ = {
			isa = XCBuildConfiguration;
			buildSettings = {
				ALWAYS_SEARCH_USER_PATHS = NO;
				CLANG_CXX_LANGUAGE_STANDARD = "gnu++0x";
				CLANG_CXX_LIBRARY = "libc++";
				CLANG_ENABLE_MODULES = YES;
				CLANG_ENABLE_OBJC_ARC = YES;
				CLANG_WARN_BOOL_CONVERSION = YES;
				CLANG_WARN_CONSTANT_CONVERSION = YES;
				CLANG_WARN_DIRECT_OBJC_ISA_USAGE = YES_ERROR;
				CLANG_WARN_EMPTY_BODY = YES;
				CLANG_WARN_ENUM_CONVERSION = YES;
				CLANG_WARN_INT_CONVERSION = YES;
				CLANG_WARN_OBJC_ROOT_CLASS = YES_ERROR;
				CLANG_WARN_UNREACHABLE_CODE = YES;
				CLANG_WARN__DUPLICATE_METHOD_MATCH = YES;
				"CODE_SIGN_IDENTITY[sdk=iphoneos*]" = "iPhone Developer";
				COPY_PHASE_STRIP = NO;
				ENABLE_STRICT_OBJC_MSGSEND = YES;
				GCC_C_LANGUAGE_STANDARD = gnu99;
				GCC_DYNAMIC_NO_PIC = NO;
				GCC_OPTIMIZATION_LEVEL = 0;
				GCC_PREPROCESSOR_DEFINITIONS = (
					"DEBUG=1",
					"$(inherited)",
				);
				GCC_SYMBOLS_PRIVATE_EXTERN = NO;
				GCC_WARN_64_TO_32_BIT_CONVERSION = YES;
				GCC_WARN_ABOUT_RETURN_TYPE = YES_ERROR;
				GCC_WARN_UNDECLARED_SELECTOR = YES;
				GCC_WARN_UNINITIALIZED_AUTOS = YES_AGGRESSIVE;
				GCC_WARN_UNUSED_FUNCTION = YES;
				GCC_WARN_UNUSED_VARIABLE = YES;
				IPHONEOS_DEPLOYMENT_TARGET = 8.1;
				MTL_ENABLE_DEBUG_INFO = YES;
				ONLY_ACTIVE_ARCH = YES;
				SDKROOT = iphoneos;
			};
			name = Debug;
		};
		5746279E1AA14C32007D5BD9 /* Release */ = {
			isa = XCBuildConfiguration;
			buildSettings = {
				ALWAYS_SEARCH_USER_PATHS = NO;
				CLANG_CXX_LANGUAGE_STANDARD = "gnu++0x";
				CLANG_CXX_LIBRARY = "libc++";
				CLANG_ENABLE_MODULES = YES;
				CLANG_ENABLE_OBJC_ARC = YES;
				CLANG_WARN_BOOL_CONVERSION = YES;
				CLANG_WARN_CONSTANT_CONVERSION = YES;
				CLANG_WARN_DIRECT_OBJC_ISA_USAGE = YES_ERROR;
				CLANG_WARN_EMPTY_BODY = YES;
				CLANG_WARN_ENUM_CONVERSION = YES;
				CLANG_WARN_INT_CONVERSION = YES;
				CLANG_WARN_OBJC_ROOT_CLASS = YES_ERROR;
				CLANG_WARN_UNREACHABLE_CODE = YES;
				CLANG_WARN__DUPLICATE_METHOD_MATCH = YES;
				"CODE_SIGN_IDENTITY[sdk=iphoneos*]" = "iPhone Developer";
				COPY_PHASE_STRIP = YES;
				ENABLE_NS_ASSERTIONS = NO;
				ENABLE_STRICT_OBJC_MSGSEND = YES;
				GCC_C_LANGUAGE_STANDARD = gnu99;
				GCC_WARN_64_TO_32_BIT_CONVERSION = YES;
				GCC_WARN_ABOUT_RETURN_TYPE = YES_ERROR;
				GCC_WARN_UNDECLARED_SELECTOR = YES;
				GCC_WARN_UNINITIALIZED_AUTOS = YES_AGGRESSIVE;
				GCC_WARN_UNUSED_FUNCTION = YES;
				GCC_WARN_UNUSED_VARIABLE = YES;
				IPHONEOS_DEPLOYMENT_TARGET = 8.1;
				MTL_ENABLE_DEBUG_INFO = NO;
				SDKROOT = iphoneos;
				VALIDATE_PRODUCT = YES;
			};
			name = Release;
		};
		574627A01AA14C32007D5BD9 /* Debug */ = {
			isa = XCBuildConfiguration;
			buildSettings = {
				ASSETCATALOG_COMPILER_APPICON_NAME = AppIcon;
				ASSETCATALOG_COMPILER_LAUNCHIMAGE_NAME = LaunchImage;
				GCC_PREFIX_HEADER = MJRefreshTest/PrefixHeader.pch;
				INFOPLIST_FILE = MJRefreshTest/Info.plist;
				IPHONEOS_DEPLOYMENT_TARGET = 7.0;
				LD_RUNPATH_SEARCH_PATHS = "$(inherited) @executable_path/Frameworks";
				PRODUCT_NAME = "$(TARGET_NAME)";
			};
			name = Debug;
		};
		574627A11AA14C32007D5BD9 /* Release */ = {
			isa = XCBuildConfiguration;
			buildSettings = {
				ASSETCATALOG_COMPILER_APPICON_NAME = AppIcon;
				ASSETCATALOG_COMPILER_LAUNCHIMAGE_NAME = LaunchImage;
				GCC_PREFIX_HEADER = MJRefreshTest/PrefixHeader.pch;
				INFOPLIST_FILE = MJRefreshTest/Info.plist;
				IPHONEOS_DEPLOYMENT_TARGET = 7.0;
				LD_RUNPATH_SEARCH_PATHS = "$(inherited) @executable_path/Frameworks";
				PRODUCT_NAME = "$(TARGET_NAME)";
			};
			name = Release;
		};
		574627A31AA14C32007D5BD9 /* Debug */ = {
			isa = XCBuildConfiguration;
			buildSettings = {
				BUNDLE_LOADER = "$(TEST_HOST)";
				FRAMEWORK_SEARCH_PATHS = (
					"$(SDKROOT)/Developer/Library/Frameworks",
					"$(inherited)",
				);
				GCC_PREPROCESSOR_DEFINITIONS = (
					"DEBUG=1",
					"$(inherited)",
				);
				INFOPLIST_FILE = MJRefreshTestTests/Info.plist;
				LD_RUNPATH_SEARCH_PATHS = "$(inherited) @executable_path/Frameworks @loader_path/Frameworks";
				PRODUCT_NAME = "$(TARGET_NAME)";
				TEST_HOST = "$(BUILT_PRODUCTS_DIR)/MJRefreshTest.app/MJRefreshTest";
			};
			name = Debug;
		};
		574627A41AA14C32007D5BD9 /* Release */ = {
			isa = XCBuildConfiguration;
			buildSettings = {
				BUNDLE_LOADER = "$(TEST_HOST)";
				FRAMEWORK_SEARCH_PATHS = (
					"$(SDKROOT)/Developer/Library/Frameworks",
					"$(inherited)",
				);
				INFOPLIST_FILE = MJRefreshTestTests/Info.plist;
				LD_RUNPATH_SEARCH_PATHS = "$(inherited) @executable_path/Frameworks @loader_path/Frameworks";
				PRODUCT_NAME = "$(TARGET_NAME)";
				TEST_HOST = "$(BUILT_PRODUCTS_DIR)/MJRefreshTest.app/MJRefreshTest";
			};
			name = Release;
		};
/* End XCBuildConfiguration section */

/* Begin XCConfigurationList section */
		574627771AA14C32007D5BD9 /* Build configuration list for PBXProject "MJRefreshTest" */ = {
			isa = XCConfigurationList;
			buildConfigurations = (
				5746279D1AA14C32007D5BD9 /* Debug */,
				5746279E1AA14C32007D5BD9 /* Release */,
			);
			defaultConfigurationIsVisible = 0;
			defaultConfigurationName = Release;
		};
		5746279F1AA14C32007D5BD9 /* Build configuration list for PBXNativeTarget "MJRefreshTest" */ = {
			isa = XCConfigurationList;
			buildConfigurations = (
				574627A01AA14C32007D5BD9 /* Debug */,
				574627A11AA14C32007D5BD9 /* Release */,
			);
			defaultConfigurationIsVisible = 0;
		};
		574627A21AA14C32007D5BD9 /* Build configuration list for PBXNativeTarget "MJRefreshTestTests" */ = {
			isa = XCConfigurationList;
			buildConfigurations = (
				574627A31AA14C32007D5BD9 /* Debug */,
				574627A41AA14C32007D5BD9 /* Release */,
			);
			defaultConfigurationIsVisible = 0;
		};
/* End XCConfigurationList section */
	};
	rootObject = 574627741AA14C32007D5BD9 /* Project object */;
}
